
Microsoft Visual Studio Solution File, Format Version 12.00
# Visual Studio Version 17
VisualStudioVersion = 17.9.34902.65
MinimumVisualStudioVersion = 10.0.40219.1
Project("{FAE04EC0-301F-11D3-BF4B-00C04F79EFBC}") = "WinFormsApp1", "WinFormsApp1\WinFormsApp1.csproj", "{1ECC4DF7-7DDE-42D4-95CA-BDB9F897F009}"
EndProject
Global
	GlobalSection(SolutionConfigurationPlatforms) = preSolution
		Debug|Any CPU = Debug|Any CPU
		Release|Any CPU = Release|Any CPU
	EndGlobalSection
	GlobalSection(ProjectConfigurationPlatforms) = postSolution
		{1ECC4DF7-7DDE-42D4-95CA-BDB9F897F009}.Debug|Any CPU.ActiveCfg = Debug|Any CPU
		{1ECC4DF7-7DDE-42D4-95CA-BDB9F897F009}.Debug|Any CPU.Build.0 = Debug|Any CPU
		{1ECC4DF7-7DDE-42D4-95CA-BDB9F897F009}.Release|Any CPU.ActiveCfg = Release|Any CPU
		{1ECC4DF7-7DDE-42D4-95CA-BDB9F897F009}.Release|Any CPU.Build.0 = Release|Any CPU
	EndGlobalSection
	GlobalSection(SolutionProperties) = preSolution
		HideSolutionNode = FALSE
	EndGlobalSection
	GlobalSection(ExtensibilityGlobals) = postSolution
		SolutionGuid = {5B7E7F05-0F5F-4A8C-8BA0-D3A15023782A}
	EndGlobalSection
EndGlobal
