
Microsoft Visual Studio Solution File, Format Version 12.00
# Visual Studio Version 17
VisualStudioVersion = 17.9.34728.123
MinimumVisualStudioVersion = 10.0.40219.1
Project("{9A19103F-16F7-4668-BE54-9A1E7A4F7556}") = "Laboratorio_1", "Laboratorio_1\Laboratorio_1.csproj", "{4C6B41D3-88B9-4472-B2AC-159A1ACB3811}"
EndProject
Project("{9A19103F-16F7-4668-BE54-9A1E7A4F7556}") = "Laboratorio_2", "Laboratorio_2\Laboratorio_2.csproj", "{4C8ED77E-460A-4758-82DF-41433C098FFE}"
EndProject
Project("{FAE04EC0-301F-11D3-BF4B-00C04F79EFBC}") = "Laboratorio_3", "Laboratorio_3\Laboratorio_3.csproj", "{36EDB469-4E16-4AF6-8881-AA869AC4ACA4}"
EndProject
Global
	GlobalSection(SolutionConfigurationPlatforms) = preSolution
		Debug|Any CPU = Debug|Any CPU
		Release|Any CPU = Release|Any CPU
	EndGlobalSection
	GlobalSection(ProjectConfigurationPlatforms) = postSolution
		{4C6B41D3-88B9-4472-B2AC-159A1ACB3811}.Debug|Any CPU.ActiveCfg = Debug|Any CPU
		{4C6B41D3-88B9-4472-B2AC-159A1ACB3811}.Debug|Any CPU.Build.0 = Debug|Any CPU
		{4C6B41D3-88B9-4472-B2AC-159A1ACB3811}.Release|Any CPU.ActiveCfg = Release|Any CPU
		{4C6B41D3-88B9-4472-B2AC-159A1ACB3811}.Release|Any CPU.Build.0 = Release|Any CPU
		{4C8ED77E-460A-4758-82DF-41433C098FFE}.Debug|Any CPU.ActiveCfg = Debug|Any CPU
		{4C8ED77E-460A-4758-82DF-41433C098FFE}.Debug|Any CPU.Build.0 = Debug|Any CPU
		{4C8ED77E-460A-4758-82DF-41433C098FFE}.Release|Any CPU.ActiveCfg = Release|Any CPU
		{4C8ED77E-460A-4758-82DF-41433C098FFE}.Release|Any CPU.Build.0 = Release|Any CPU
		{36EDB469-4E16-4AF6-8881-AA869AC4ACA4}.Debug|Any CPU.ActiveCfg = Debug|Any CPU
		{36EDB469-4E16-4AF6-8881-AA869AC4ACA4}.Debug|Any CPU.Build.0 = Debug|Any CPU
		{36EDB469-4E16-4AF6-8881-AA869AC4ACA4}.Release|Any CPU.ActiveCfg = Release|Any CPU
		{36EDB469-4E16-4AF6-8881-AA869AC4ACA4}.Release|Any CPU.Build.0 = Release|Any CPU
	EndGlobalSection
	GlobalSection(SolutionProperties) = preSolution
		HideSolutionNode = FALSE
	EndGlobalSection
	GlobalSection(ExtensibilityGlobals) = postSolution
		SolutionGuid = {5D70F0F5-8817-413B-A88C-21223D9A4FBB}
	EndGlobalSection
EndGlobal
