
Microsoft Visual Studio Solution File, Format Version 12.00
# Visual Studio Version 17
VisualStudioVersion = 17.9.34728.123
MinimumVisualStudioVersion = 10.0.40219.1
Project("{9A19103F-16F7-4668-BE54-9A1E7A4F7556}") = "Listas", "lab_8\Listas.csproj", "{0B935996-7387-4F77-931D-55670E828398}"
EndProject
Global
	GlobalSection(SolutionConfigurationPlatforms) = preSolution
		Debug|Any CPU = Debug|Any CPU
		Release|Any CPU = Release|Any CPU
	EndGlobalSection
	GlobalSection(ProjectConfigurationPlatforms) = postSolution
		{0B935996-7387-4F77-931D-55670E828398}.Debug|Any CPU.ActiveCfg = Debug|Any CPU
		{0B935996-7387-4F77-931D-55670E828398}.Debug|Any CPU.Build.0 = Debug|Any CPU
		{0B935996-7387-4F77-931D-55670E828398}.Release|Any CPU.ActiveCfg = Release|Any CPU
		{0B935996-7387-4F77-931D-55670E828398}.Release|Any CPU.Build.0 = Release|Any CPU
	EndGlobalSection
	GlobalSection(SolutionProperties) = preSolution
		HideSolutionNode = FALSE
	EndGlobalSection
	GlobalSection(ExtensibilityGlobals) = postSolution
		SolutionGuid = {D678B2A0-E9F7-45D0-8A3A-0940D2B961FC}
	EndGlobalSection
EndGlobal
