
Microsoft Visual Studio Solution File, Format Version 12.00
# Visual Studio Version 17
VisualStudioVersion = 17.9.34902.65
MinimumVisualStudioVersion = 10.0.40219.1
Project("{FAE04EC0-301F-11D3-BF4B-00C04F79EFBC}") = "SisVentas", "SisVentas\SisVentas.csproj", "{90E726B5-BB12-4488-9434-1C2DA820DFB1}"
EndProject
Global
	GlobalSection(SolutionConfigurationPlatforms) = preSolution
		Debug|Any CPU = Debug|Any CPU
		Release|Any CPU = Release|Any CPU
	EndGlobalSection
	GlobalSection(ProjectConfigurationPlatforms) = postSolution
		{90E726B5-BB12-4488-9434-1C2DA820DFB1}.Debug|Any CPU.ActiveCfg = Debug|Any CPU
		{90E726B5-BB12-4488-9434-1C2DA820DFB1}.Debug|Any CPU.Build.0 = Debug|Any CPU
		{90E726B5-BB12-4488-9434-1C2DA820DFB1}.Release|Any CPU.ActiveCfg = Release|Any CPU
		{90E726B5-BB12-4488-9434-1C2DA820DFB1}.Release|Any CPU.Build.0 = Release|Any CPU
	EndGlobalSection
	GlobalSection(SolutionProperties) = preSolution
		HideSolutionNode = FALSE
	EndGlobalSection
	GlobalSection(ExtensibilityGlobals) = postSolution
		SolutionGuid = {EEBE9394-9DDA-4308-AD90-A94A83DFDD14}
	EndGlobalSection
EndGlobal
