
Microsoft Visual Studio Solution File, Format Version 12.00
# Visual Studio Version 17
VisualStudioVersion = 17.9.34902.65
MinimumVisualStudioVersion = 10.0.40219.1
Project("{FAE04EC0-301F-11D3-BF4B-00C04F79EFBC}") = "Ejercicio1", "Clases y Objetos\Ejercicio1.csproj", "{BC464BC9-FCF5-448E-8052-B2022B0C5D90}"
EndProject
Global
	GlobalSection(SolutionConfigurationPlatforms) = preSolution
		Debug|Any CPU = Debug|Any CPU
		Release|Any CPU = Release|Any CPU
	EndGlobalSection
	GlobalSection(ProjectConfigurationPlatforms) = postSolution
		{BC464BC9-FCF5-448E-8052-B2022B0C5D90}.Debug|Any CPU.ActiveCfg = Debug|Any CPU
		{BC464BC9-FCF5-448E-8052-B2022B0C5D90}.Debug|Any CPU.Build.0 = Debug|Any CPU
		{BC464BC9-FCF5-448E-8052-B2022B0C5D90}.Release|Any CPU.ActiveCfg = Release|Any CPU
		{BC464BC9-FCF5-448E-8052-B2022B0C5D90}.Release|Any CPU.Build.0 = Release|Any CPU
	EndGlobalSection
	GlobalSection(SolutionProperties) = preSolution
		HideSolutionNode = FALSE
	EndGlobalSection
	GlobalSection(ExtensibilityGlobals) = postSolution
		SolutionGuid = {7DFC2C73-7741-40E7-8D1C-EFF0C02754F7}
	EndGlobalSection
EndGlobal
