
Microsoft Visual Studio Solution File, Format Version 12.00
# Visual Studio Version 17
VisualStudioVersion = 17.9.34728.123
MinimumVisualStudioVersion = 10.0.40219.1
Project("{FAE04EC0-301F-11D3-BF4B-00C04F79EFBC}") = "Ejercicio2", "Ejercicio2\Ejercicio2.csproj", "{691B0B58-816A-4C30-ACC9-143B506AF1AD}"
EndProject
Global
	GlobalSection(SolutionConfigurationPlatforms) = preSolution
		Debug|Any CPU = Debug|Any CPU
		Release|Any CPU = Release|Any CPU
	EndGlobalSection
	GlobalSection(ProjectConfigurationPlatforms) = postSolution
		{691B0B58-816A-4C30-ACC9-143B506AF1AD}.Debug|Any CPU.ActiveCfg = Debug|Any CPU
		{691B0B58-816A-4C30-ACC9-143B506AF1AD}.Debug|Any CPU.Build.0 = Debug|Any CPU
		{691B0B58-816A-4C30-ACC9-143B506AF1AD}.Release|Any CPU.ActiveCfg = Release|Any CPU
		{691B0B58-816A-4C30-ACC9-143B506AF1AD}.Release|Any CPU.Build.0 = Release|Any CPU
	EndGlobalSection
	GlobalSection(SolutionProperties) = preSolution
		HideSolutionNode = FALSE
	EndGlobalSection
	GlobalSection(ExtensibilityGlobals) = postSolution
		SolutionGuid = {06BCC878-9960-411F-BF0C-32910E507543}
	EndGlobalSection
EndGlobal
